// !$*UTF8*$!
{
	archiveVersion = 1;
	classes = {
	};
	objectVersion = 46;
	objects = {

/* Begin PBXBuildFile section */
		B04873681F5FC5F400666547 /* AppDelegate.swift in Sources */ = {isa = PBXBuildFile; fileRef = B04873671F5FC5F400666547 /* AppDelegate.swift */; };
		B048736A1F5FC5F400666547 /* FirstViewController.swift in Sources */ = {isa = PBXBuildFile; fileRef = B04873691F5FC5F400666547 /* FirstViewController.swift */; };
		B048736C1F5FC5F400666547 /* SecondViewController.swift in Sources */ = {isa = PBXBuildFile; fileRef = B048736B1F5FC5F400666547 /* SecondViewController.swift */; };
		B048736F1F5FC5F400666547 /* Main.storyboard in Resources */ = {isa = PBXBuildFile; fileRef = B048736D1F5FC5F400666547 /* Main.storyboard */; };
		B04873711F5FC5F400666547 /* Assets.xcassets in Resources */ = {isa = PBXBuildFile; fileRef = B04873701F5FC5F400666547 /* Assets.xcassets */; };
		B04873741F5FC5F400666547 /* LaunchScreen.storyboard in Resources */ = {isa = PBXBuildFile; fileRef = B04873721F5FC5F400666547 /* LaunchScreen.storyboard */; };
		B048737F1F5FC5F400666547 /* NewProjectTests.swift in Sources */ = {isa = PBXBuildFile; fileRef = B048737E1F5FC5F400666547 /* NewProjectTests.swift */; };
		B048738A1F5FC5F400666547 /* NewProjectUITests.swift in Sources */ = {isa = PBXBuildFile; fileRef = B04873891F5FC5F400666547 /* NewProjectUITests.swift */; };
/* End PBXBuildFile section */

/* Begin PBXContainerItemProxy section */
		B048737B1F5FC5F400666547 /* PBXContainerItemProxy */ = {
			isa = PBXContainerItemProxy;
			containerPortal = B048735C1F5FC5F400666547 /* Project object */;
			proxyType = 1;
			remoteGlobalIDString = B04873631F5FC5F400666547;
			remoteInfo = NewProject;
		};
		B04873861F5FC5F400666547 /* PBXContainerItemProxy */ = {
			isa = PBXContainerItemProxy;
			containerPortal = B048735C1F5FC5F400666547 /* Project object */;
			proxyType = 1;
			remoteGlobalIDString = B04873631F5FC5F400666547;
			remoteInfo = NewProject;
		};
/* End PBXContainerItemProxy section */

/* Begin PBXFileReference section */
		B04873641F5FC5F400666547 /* NewProject.app */ = {isa = PBXFileReference; explicitFileType = wrapper.application; includeInIndex = 0; path = NewProject.app; sourceTree = BUILT_PRODUCTS_DIR; };
		B04873671F5FC5F400666547 /* AppDelegate.swift */ = {isa = PBXFileReference; lastKnownFileType = sourcecode.swift; path = AppDelegate.swift; sourceTree = "<group>"; };
		B04873691F5FC5F400666547 /* FirstViewController.swift */ = {isa = PBXFileReference; lastKnownFileType = sourcecode.swift; path = FirstViewController.swift; sourceTree = "<group>"; };
		B048736B1F5FC5F400666547 /* SecondViewController.swift */ = {isa = PBXFileReference; lastKnownFileType = sourcecode.swift; path = SecondViewController.swift; sourceTree = "<group>"; };
		B048736E1F5FC5F400666547 /* Base */ = {isa = PBXFileReference; lastKnownFileType = file.storyboard; name = Base; path = Base.lproj/Main.storyboard; sourceTree = "<group>"; };
		B04873701F5FC5F400666547 /* Assets.xcassets */ = {isa = PBXFileReference; lastKnownFileType = folder.assetcatalog; path = Assets.xcassets; sourceTree = "<group>"; };
		B04873731F5FC5F400666547 /* Base */ = {isa = PBXFileReference; lastKnownFileType = file.storyboard; name = Base; path = Base.lproj/LaunchScreen.storyboard; sourceTree = "<group>"; };
		B04873751F5FC5F400666547 /* Info.plist */ = {isa = PBXFileReference; lastKnownFileType = text.plist.xml; path = Info.plist; sourceTree = "<group>"; };
		B048737A1F5FC5F400666547 /* NewProjectTests.xctest */ = {isa = PBXFileReference; explicitFileType = wrapper.cfbundle; includeInIndex = 0; path = NewProjectTests.xctest; sourceTree = BUILT_PRODUCTS_DIR; };
		B048737E1F5FC5F400666547 /* NewProjectTests.swift */ = {isa = PBXFileReference; lastKnownFileType = sourcecode.swift; path = NewProjectTests.swift; sourceTree = "<group>"; };
		B04873801F5FC5F400666547 /* Info.plist */ = {isa = PBXFileReference; lastKnownFileType = text.plist.xml; path = Info.plist; sourceTree = "<group>"; };
		B04873851F5FC5F400666547 /* NewProjectUITests.xctest */ = {isa = PBXFileReference; explicitFileType = wrapper.cfbundle; includeInIndex = 0; path = NewProjectUITests.xctest; sourceTree = BUILT_PRODUCTS_DIR; };
		B04873891F5FC5F400666547 /* NewProjectUITests.swift */ = {isa = PBXFileReference; lastKnownFileType = sourcecode.swift; path = NewProjectUITests.swift; sourceTree = "<group>"; };
		B048738B1F5FC5F400666547 /* Info.plist */ = {isa = PBXFileReference; lastKnownFileType = text.plist.xml; path = Info.plist; sourceTree = "<group>"; };
/* End PBXFileReference section */

/* Begin PBXFrameworksBuildPhase section */
		B04873611F5FC5F400666547 /* Frameworks */ = {
			isa = PBXFrameworksBuildPhase;
			buildActionMask = 2147483647;
			files = (
			);
			runOnlyForDeploymentPostprocessing = 0;
		};
		B04873771F5FC5F400666547 /* Frameworks */ = {
			isa = PBXFrameworksBuildPhase;
			buildActionMask = 2147483647;
			files = (
			);
			runOnlyForDeploymentPostprocessing = 0;
		};
		B04873821F5FC5F400666547 /* Frameworks */ = {
			isa = PBXFrameworksBuildPhase;
			buildActionMask = 2147483647;
			files = (
			);
			runOnlyForDeploymentPostprocessing = 0;
		};
/* End PBXFrameworksBuildPhase section */

/* Begin PBXGroup section */
		B048735B1F5FC5F400666547 = {
			isa = PBXGroup;
			children = (
				B04873661F5FC5F400666547 /* NewProject */,
				B048737D1F5FC5F400666547 /* NewProjectTests */,
				B04873881F5FC5F400666547 /* NewProjectUITests */,
				B04873651F5FC5F400666547 /* Products */,
			);
			sourceTree = "<group>";
		};
		B04873651F5FC5F400666547 /* Products */ = {
			isa = PBXGroup;
			children = (
				B04873641F5FC5F400666547 /* NewProject.app */,
				B048737A1F5FC5F400666547 /* NewProjectTests.xctest */,
				B04873851F5FC5F400666547 /* NewProjectUITests.xctest */,
			);
			name = Products;
			sourceTree = "<group>";
		};
		B04873661F5FC5F400666547 /* NewProject */ = {
			isa = PBXGroup;
			children = (
				B04873671F5FC5F400666547 /* AppDelegate.swift */,
				B04873691F5FC5F400666547 /* FirstViewController.swift */,
				B048736B1F5FC5F400666547 /* SecondViewController.swift */,
				B048736D1F5FC5F400666547 /* Main.storyboard */,
				B04873701F5FC5F400666547 /* Assets.xcassets */,
				B04873721F5FC5F400666547 /* LaunchScreen.storyboard */,
				B04873751F5FC5F400666547 /* Info.plist */,
			);
			path = NewProject;
			sourceTree = "<group>";
		};
		B048737D1F5FC5F400666547 /* NewProjectTests */ = {
			isa = PBXGroup;
			children = (
				B048737E1F5FC5F400666547 /* NewProjectTests.swift */,
				B04873801F5FC5F400666547 /* Info.plist */,
			);
			path = NewProjectTests;
			sourceTree = "<group>";
		};
		B04873881F5FC5F400666547 /* NewProjectUITests */ = {
			isa = PBXGroup;
			children = (
				B04873891F5FC5F400666547 /* NewProjectUITests.swift */,
				B048738B1F5FC5F400666547 /* Info.plist */,
			);
			path = NewProjectUITests;
			sourceTree = "<group>";
		};
/* End PBXGroup section */

/* Begin PBXNativeTarget section */
		B04873631F5FC5F400666547 /* NewProject */ = {
			isa = PBXNativeTarget;
			buildConfigurationList = B048738E1F5FC5F400666547 /* Build configuration list for PBXNativeTarget "NewProject" */;
			buildPhases = (
				B04873601F5FC5F400666547 /* Sources */,
				B04873611F5FC5F400666547 /* Frameworks */,
				B04873621F5FC5F400666547 /* Resources */,
			);
			buildRules = (
			);
			dependencies = (
			);
			name = NewProject;
			productName = NewProject;
			productReference = B04873641F5FC5F400666547 /* NewProject.app */;
			productType = "com.apple.product-type.application";
		};
		B04873791F5FC5F400666547 /* NewProjectTests */ = {
			isa = PBXNativeTarget;
			buildConfigurationList = B04873911F5FC5F400666547 /* Build configuration list for PBXNativeTarget "NewProjectTests" */;
			buildPhases = (
				B04873761F5FC5F400666547 /* Sources */,
				B04873771F5FC5F400666547 /* Frameworks */,
				B04873781F5FC5F400666547 /* Resources */,
			);
			buildRules = (
			);
			dependencies = (
				B048737C1F5FC5F400666547 /* PBXTargetDependency */,
			);
			name = NewProjectTests;
			productName = NewProjectTests;
			productReference = B048737A1F5FC5F400666547 /* NewProjectTests.xctest */;
			productType = "com.apple.product-type.bundle.unit-test";
		};
		B04873841F5FC5F400666547 /* NewProjectUITests */ = {
			isa = PBXNativeTarget;
			buildConfigurationList = B04873941F5FC5F400666547 /* Build configuration list for PBXNativeTarget "NewProjectUITests" */;
			buildPhases = (
				B04873811F5FC5F400666547 /* Sources */,
				B04873821F5FC5F400666547 /* Frameworks */,
				B04873831F5FC5F400666547 /* Resources */,
			);
			buildRules = (
			);
			dependencies = (
				B04873871F5FC5F400666547 /* PBXTargetDependency */,
			);
			name = NewProjectUITests;
			productName = NewProjectUITests;
			productReference = B04873851F5FC5F400666547 /* NewProjectUITests.xctest */;
			productType = "com.apple.product-type.bundle.ui-testing";
		};
/* End PBXNativeTarget section */

/* Begin PBXProject section */
		B048735C1F5FC5F400666547 /* Project object */ = {
			isa = PBXProject;
			attributes = {
				LastSwiftUpdateCheck = 0830;
				LastUpgradeCheck = 0830;
				ORGANIZATIONNAME = monkey;
				TargetAttributes = {
					B04873631F5FC5F400666547 = {
						CreatedOnToolsVersion = 8.3.3;
						ProvisioningStyle = Automatic;
					};
					B04873791F5FC5F400666547 = {
						CreatedOnToolsVersion = 8.3.3;
						ProvisioningStyle = Automatic;
						TestTargetID = B04873631F5FC5F400666547;
					};
					B04873841F5FC5F400666547 = {
						CreatedOnToolsVersion = 8.3.3;
						ProvisioningStyle = Automatic;
						TestTargetID = B04873631F5FC5F400666547;
					};
				};
			};
			buildConfigurationList = B048735F1F5FC5F400666547 /* Build configuration list for PBXProject "NewProject" */;
			compatibilityVersion = "Xcode 3.2";
			developmentRegion = English;
			hasScannedForEncodings = 0;
			knownRegions = (
				en,
				Base,
			);
			mainGroup = B048735B1F5FC5F400666547;
			productRefGroup = B04873651F5FC5F400666547 /* Products */;
			projectDirPath = "";
			projectRoot = "";
			targets = (
				B04873631F5FC5F400666547 /* NewProject */,
				B04873791F5FC5F400666547 /* NewProjectTests */,
				B04873841F5FC5F400666547 /* NewProjectUITests */,
			);
		};
/* End PBXProject section */

/* Begin PBXResourcesBuildPhase section */
		B04873621F5FC5F400666547 /* Resources */ = {
			isa = PBXResourcesBuildPhase;
			buildActionMask = 2147483647;
			files = (
				B04873741F5FC5F400666547 /* LaunchScreen.storyboard in Resources */,
				B04873711F5FC5F400666547 /* Assets.xcassets in Resources */,
				B048736F1F5FC5F400666547 /* Main.storyboard in Resources */,
			);
			runOnlyForDeploymentPostprocessing = 0;
		};
		B04873781F5FC5F400666547 /* Resources */ = {
			isa = PBXResourcesBuildPhase;
			buildActionMask = 2147483647;
			files = (
			);
			runOnlyForDeploymentPostprocessing = 0;
		};
		B04873831F5FC5F400666547 /* Resources */ = {
			isa = PBXResourcesBuildPhase;
			buildActionMask = 2147483647;
			files = (
			);
			runOnlyForDeploymentPostprocessing = 0;
		};
/* End PBXResourcesBuildPhase section */

/* Begin PBXSourcesBuildPhase section */
		B04873601F5FC5F400666547 /* Sources */ = {
			isa = PBXSourcesBuildPhase;
			buildActionMask = 2147483647;
			files = (
				B048736C1F5FC5F400666547 /* SecondViewController.swift in Sources */,
				B04873681F5FC5F400666547 /* AppDelegate.swift in Sources */,
				B048736A1F5FC5F400666547 /* FirstViewController.swift in Sources */,
			);
			runOnlyForDeploymentPostprocessing = 0;
		};
		B04873761F5FC5F400666547 /* Sources */ = {
			isa = PBXSourcesBuildPhase;
			buildActionMask = 2147483647;
			files = (
				B048737F1F5FC5F400666547 /* NewProjectTests.swift in Sources */,
			);
			runOnlyForDeploymentPostprocessing = 0;
		};
		B04873811F5FC5F400666547 /* Sources */ = {
			isa = PBXSourcesBuildPhase;
			buildActionMask = 2147483647;
			files = (
				B048738A1F5FC5F400666547 /* NewProjectUITests.swift in Sources */,
			);
			runOnlyForDeploymentPostprocessing = 0;
		};
/* End PBXSourcesBuildPhase section */

/* Begin PBXTargetDependency section */
		B048737C1F5FC5F400666547 /* PBXTargetDependency */ = {
			isa = PBXTargetDependency;
			target = B04873631F5FC5F400666547 /* NewProject */;
			targetProxy = B048737B1F5FC5F400666547 /* PBXContainerItemProxy */;
		};
		B04873871F5FC5F400666547 /* PBXTargetDependency */ = {
			isa = PBXTargetDependency;
			target = B04873631F5FC5F400666547 /* NewProject */;
			targetProxy = B04873861F5FC5F400666547 /* PBXContainerItemProxy */;
		};
/* End PBXTargetDependency section */

/* Begin PBXVariantGroup section */
		B048736D1F5FC5F400666547 /* Main.storyboard */ = {
			isa = PBXVariantGroup;
			children = (
				B048736E1F5FC5F400666547 /* Base */,
			);
			name = Main.storyboard;
			sourceTree = "<group>";
		};
		B04873721F5FC5F400666547 /* LaunchScreen.storyboard */ = {
			isa = PBXVariantGroup;
			children = (
				B04873731F5FC5F400666547 /* Base */,
			);
			name = LaunchScreen.storyboard;
			sourceTree = "<group>";
		};
/* End PBXVariantGroup section */

/* Begin XCBuildConfiguration section */
		B048738C1F5FC5F400666547 /* Debug */ = {
			isa = XCBuildConfiguration;
			buildSettings = {
				ALWAYS_SEARCH_USER_PATHS = NO;
				CLANG_ANALYZER_NONNULL = YES;
				CLANG_ANALYZER_NUMBER_OBJECT_CONVERSION = YES_AGGRESSIVE;
				CLANG_CXX_LANGUAGE_STANDARD = "gnu++0x";
				CLANG_CXX_LIBRARY = "libc++";
				CLANG_ENABLE_MODULES = YES;
				CLANG_ENABLE_OBJC_ARC = YES;
				CLANG_WARN_BOOL_CONVERSION = YES;
				CLANG_WARN_CONSTANT_CONVERSION = YES;
				CLANG_WARN_DIRECT_OBJC_ISA_USAGE = YES_ERROR;
				CLANG_WARN_DOCUMENTATION_COMMENTS = YES;
				CLANG_WARN_EMPTY_BODY = YES;
				CLANG_WARN_ENUM_CONVERSION = YES;
				CLANG_WARN_INFINITE_RECURSION = YES;
				CLANG_WARN_INT_CONVERSION = YES;
				CLANG_WARN_OBJC_ROOT_CLASS = YES_ERROR;
				CLANG_WARN_SUSPICIOUS_MOVE = YES;
				CLANG_WARN_UNREACHABLE_CODE = YES;
				CLANG_WARN__DUPLICATE_METHOD_MATCH = YES;
				"CODE_SIGN_IDENTITY[sdk=iphoneos*]" = "iPhone Developer";
				COPY_PHASE_STRIP = NO;
				DEBUG_INFORMATION_FORMAT = dwarf;
				ENABLE_STRICT_OBJC_MSGSEND = YES;
				ENABLE_TESTABILITY = YES;
				GCC_C_LANGUAGE_STANDARD = gnu99;
				GCC_DYNAMIC_NO_PIC = NO;
				GCC_NO_COMMON_BLOCKS = YES;
				GCC_OPTIMIZATION_LEVEL = 0;
				GCC_PREPROCESSOR_DEFINITIONS = (
					"DEBUG=1",
					"$(inherited)",
				);
				GCC_WARN_64_TO_32_BIT_CONVERSION = YES;
				GCC_WARN_ABOUT_RETURN_TYPE = YES_ERROR;
				GCC_WARN_UNDECLARED_SELECTOR = YES;
				GCC_WARN_UNINITIALIZED_AUTOS = YES_AGGRESSIVE;
				GCC_WARN_UNUSED_FUNCTION = YES;
				GCC_WARN_UNUSED_VARIABLE = YES;
				IPHONEOS_DEPLOYMENT_TARGET = 10.3;
				MTL_ENABLE_DEBUG_INFO = YES;
				ONLY_ACTIVE_ARCH = YES;
				SDKROOT = iphoneos;
				SWIFT_ACTIVE_COMPILATION_CONDITIONS = DEBUG;
				SWIFT_OPTIMIZATION_LEVEL = "-Onone";
			};
			name = Debug;
		};
		B048738D1F5FC5F400666547 /* Release */ = {
			isa = XCBuildConfiguration;
			buildSettings = {
				ALWAYS_SEARCH_USER_PATHS = NO;
				CLANG_ANALYZER_NONNULL = YES;
				CLANG_ANALYZER_NUMBER_OBJECT_CONVERSION = YES_AGGRESSIVE;
				CLANG_CXX_LANGUAGE_STANDARD = "gnu++0x";
				CLANG_CXX_LIBRARY = "libc++";
				CLANG_ENABLE_MODULES = YES;
				CLANG_ENABLE_OBJC_ARC = YES;
				CLANG_WARN_BOOL_CONVERSION = YES;
				CLANG_WARN_CONSTANT_CONVERSION = YES;
				CLANG_WARN_DIRECT_OBJC_ISA_USAGE = YES_ERROR;
				CLANG_WARN_DOCUMENTATION_COMMENTS = YES;
				CLANG_WARN_EMPTY_BODY = YES;
				CLANG_WARN_ENUM_CONVERSION = YES;
				CLANG_WARN_INFINITE_RECURSION = YES;
				CLANG_WARN_INT_CONVERSION = YES;
				CLANG_WARN_OBJC_ROOT_CLASS = YES_ERROR;
				CLANG_WARN_SUSPICIOUS_MOVE = YES;
				CLANG_WARN_UNREACHABLE_CODE = YES;
				CLANG_WARN__DUPLICATE_METHOD_MATCH = YES;
				"CODE_SIGN_IDENTITY[sdk=iphoneos*]" = "iPhone Developer";
				COPY_PHASE_STRIP = NO;
				DEBUG_INFORMATION_FORMAT = "dwarf-with-dsym";
				ENABLE_NS_ASSERTIONS = NO;
				ENABLE_STRICT_OBJC_MSGSEND = YES;
				GCC_C_LANGUAGE_STANDARD = gnu99;
				GCC_NO_COMMON_BLOCKS = YES;
				GCC_WARN_64_TO_32_BIT_CONVERSION = YES;
				GCC_WARN_ABOUT_RETURN_TYPE = YES_ERROR;
				GCC_WARN_UNDECLARED_SELECTOR = YES;
				GCC_WARN_UNINITIALIZED_AUTOS = YES_AGGRESSIVE;
				GCC_WARN_UNUSED_FUNCTION = YES;
				GCC_WARN_UNUSED_VARIABLE = YES;
				IPHONEOS_DEPLOYMENT_TARGET = 10.3;
				MTL_ENABLE_DEBUG_INFO = NO;
				SDKROOT = iphoneos;
				SWIFT_OPTIMIZATION_LEVEL = "-Owholemodule";
				VALIDATE_PRODUCT = YES;
			};
			name = Release;
		};
		B048738F1F5FC5F400666547 /* Debug */ = {
			isa = XCBuildConfiguration;
			buildSettings = {
				ASSETCATALOG_COMPILER_APPICON_NAME = AppIcon;
				INFOPLIST_FILE = NewProject/Info.plist;
				LD_RUNPATH_SEARCH_PATHS = "$(inherited) @executable_path/Frameworks";
				PRODUCT_BUNDLE_IDENTIFIER = monkey.NewProject;
				PRODUCT_NAME = "$(TARGET_NAME)";
				SWIFT_VERSION = 3.0;
			};
			name = Debug;
		};
		B04873901F5FC5F400666547 /* Release */ = {
			isa = XCBuildConfiguration;
			buildSettings = {
				ASSETCATALOG_COMPILER_APPICON_NAME = AppIcon;
				INFOPLIST_FILE = NewProject/Info.plist;
				LD_RUNPATH_SEARCH_PATHS = "$(inherited) @executable_path/Frameworks";
				PRODUCT_BUNDLE_IDENTIFIER = monkey.NewProject;
				PRODUCT_NAME = "$(TARGET_NAME)";
				SWIFT_VERSION = 3.0;
			};
			name = Release;
		};
		B04873921F5FC5F400666547 /* Debug */ = {
			isa = XCBuildConfiguration;
			buildSettings = {
				ALWAYS_EMBED_SWIFT_STANDARD_LIBRARIES = YES;
				BUNDLE_LOADER = "$(TEST_HOST)";
				INFOPLIST_FILE = NewProjectTests/Info.plist;
				LD_RUNPATH_SEARCH_PATHS = "$(inherited) @executable_path/Frameworks @loader_path/Frameworks";
				PRODUCT_BUNDLE_IDENTIFIER = monkey.NewProjectTests;
				PRODUCT_NAME = "$(TARGET_NAME)";
				SWIFT_VERSION = 3.0;
				TEST_HOST = "$(BUILT_PRODUCTS_DIR)/NewProject.app/NewProject";
			};
			name = Debug;
		};
		B04873931F5FC5F400666547 /* Release */ = {
			isa = XCBuildConfiguration;
			buildSettings = {
				ALWAYS_EMBED_SWIFT_STANDARD_LIBRARIES = YES;
				BUNDLE_LOADER = "$(TEST_HOST)";
				INFOPLIST_FILE = NewProjectTests/Info.plist;
				LD_RUNPATH_SEARCH_PATHS = "$(inherited) @executable_path/Frameworks @loader_path/Frameworks";
				PRODUCT_BUNDLE_IDENTIFIER = monkey.NewProjectTests;
				PRODUCT_NAME = "$(TARGET_NAME)";
				SWIFT_VERSION = 3.0;
				TEST_HOST = "$(BUILT_PRODUCTS_DIR)/NewProject.app/NewProject";
			};
			name = Release;
		};
		B04873951F5FC5F400666547 /* Debug */ = {
			isa = XCBuildConfiguration;
			buildSettings = {
				ALWAYS_EMBED_SWIFT_STANDARD_LIBRARIES = YES;
				INFOPLIST_FILE = NewProjectUITests/Info.plist;
				LD_RUNPATH_SEARCH_PATHS = "$(inherited) @executable_path/Frameworks @loader_path/Frameworks";
				PRODUCT_BUNDLE_IDENTIFIER = monkey.NewProjectUITests;
				PRODUCT_NAME = "$(TARGET_NAME)";
				SWIFT_VERSION = 3.0;
				TEST_TARGET_NAME = NewProject;
			};
			name = Debug;
		};
		B04873961F5FC5F400666547 /* Release */ = {
			isa = XCBuildConfiguration;
			buildSettings = {
				ALWAYS_EMBED_SWIFT_STANDARD_LIBRARIES = YES;
				INFOPLIST_FILE = NewProjectUITests/Info.plist;
				LD_RUNPATH_SEARCH_PATHS = "$(inherited) @executable_path/Frameworks @loader_path/Frameworks";
				PRODUCT_BUNDLE_IDENTIFIER = monkey.NewProjectUITests;
				PRODUCT_NAME = "$(TARGET_NAME)";
				SWIFT_VERSION = 3.0;
				TEST_TARGET_NAME = NewProject;
			};
			name = Release;
		};
/* End XCBuildConfiguration section */

/* Begin XCConfigurationList section */
		B048735F1F5FC5F400666547 /* Build configuration list for PBXProject "NewProject" */ = {
			isa = XCConfigurationList;
			buildConfigurations = (
				B048738C1F5FC5F400666547 /* Debug */,
				B048738D1F5FC5F400666547 /* Release */,
			);
			defaultConfigurationIsVisible = 0;
			defaultConfigurationName = Release;
		};
		B048738E1F5FC5F400666547 /* Build configuration list for PBXNativeTarget "NewProject" */ = {
			isa = XCConfigurationList;
			buildConfigurations = (
				B048738F1F5FC5F400666547 /* Debug */,
				B04873901F5FC5F400666547 /* Release */,
			);
			defaultConfigurationIsVisible = 0;
		};
		B04873911F5FC5F400666547 /* Build configuration list for PBXNativeTarget "NewProjectTests" */ = {
			isa = XCConfigurationList;
			buildConfigurations = (
				B04873921F5FC5F400666547 /* Debug */,
				B04873931F5FC5F400666547 /* Release */,
			);
			defaultConfigurationIsVisible = 0;
		};
		B04873941F5FC5F400666547 /* Build configuration list for PBXNativeTarget "NewProjectUITests" */ = {
			isa = XCConfigurationList;
			buildConfigurations = (
				B04873951F5FC5F400666547 /* Debug */,
				B04873961F5FC5F400666547 /* Release */,
			);
			defaultConfigurationIsVisible = 0;
		};
/* End XCConfigurationList section */
	};
	rootObject = B048735C1F5FC5F400666547 /* Project object */;
}
